
Microsoft Visual Studio Solution File, Format Version 12.00
# Visual Studio Version 16
VisualStudioVersion = 16.0.31613.86
MinimumVisualStudioVersion = 10.0.40219.1
Project("{FAE04EC0-301F-11D3-BF4B-00C04F79EFBC}") = "EjemploProyectoTopicos", "EjemploProyectoTopicos\EjemploProyectoTopicos.csproj", "{02DA83BD-6234-4B0D-AA5B-1AFD5443EA85}"
EndProject
Global
	GlobalSection(SolutionConfigurationPlatforms) = preSolution
		Debug|Any CPU = Debug|Any CPU
		Release|Any CPU = Release|Any CPU
	EndGlobalSection
	GlobalSection(ProjectConfigurationPlatforms) = postSolution
		{02DA83BD-6234-4B0D-AA5B-1AFD5443EA85}.Debug|Any CPU.ActiveCfg = Debug|Any CPU
		{02DA83BD-6234-4B0D-AA5B-1AFD5443EA85}.Debug|Any CPU.Build.0 = Debug|Any CPU
		{02DA83BD-6234-4B0D-AA5B-1AFD5443EA85}.Release|Any CPU.ActiveCfg = Release|Any CPU
		{02DA83BD-6234-4B0D-AA5B-1AFD5443EA85}.Release|Any CPU.Build.0 = Release|Any CPU
	EndGlobalSection
	GlobalSection(SolutionProperties) = preSolution
		HideSolutionNode = FALSE
	EndGlobalSection
	GlobalSection(ExtensibilityGlobals) = postSolution
		SolutionGuid = {FFB5CA42-6A2E-4556-9D11-E2E8F685E132}
	EndGlobalSection
EndGlobal
